
Microsoft Visual Studio Solution File, Format Version 12.00
# Visual Studio 15
Project("{FAE04EC0-301F-11D3-BF4B-00C04F79EFBC}") = "UnityLayer", "UnityLayer.csproj", "{BABE0107-E841-BE61-44F4-69910E30CB7C}"
EndProject
Project("{FAE04EC0-301F-11D3-BF4B-00C04F79EFBC}") = "PlayMode.UnitTests", "PlayMode.UnitTests.csproj", "{19022C82-85CD-ECC8-C23B-01E08A8607B5}"
EndProject
Project("{FAE04EC0-301F-11D3-BF4B-00C04F79EFBC}") = "UnitTests.Utilities", "UnitTests.Utilities.csproj", "{26FA1135-DAF3-2675-9336-B9E62324D0F0}"
EndProject
Project("{9A19103F-16F7-4668-BE54-9A1E7A4F7556}") = "BlockBreaker.Logic", "BlockBreaker.Logic\BlockBreaker.Logic.csproj", "{F7C43C50-15C6-450C-982D-7D70B89249E8}"
EndProject
Project("{9A19103F-16F7-4668-BE54-9A1E7A4F7556}") = "BlockBreaker.Logic.UnitTests", "BlockBreaker.Logic.UnitTests\BlockBreaker.Logic.UnitTests.csproj", "{85637A0E-4282-4263-8640-47CE81CD5281}"
EndProject
Global
	GlobalSection(SolutionConfigurationPlatforms) = preSolution
		Debug|Any CPU = Debug|Any CPU
		Release|Any CPU = Release|Any CPU
	EndGlobalSection
	GlobalSection(ProjectConfigurationPlatforms) = postSolution
		{BABE0107-E841-BE61-44F4-69910E30CB7C}.Debug|Any CPU.ActiveCfg = Debug|Any CPU
		{BABE0107-E841-BE61-44F4-69910E30CB7C}.Debug|Any CPU.Build.0 = Debug|Any CPU
		{BABE0107-E841-BE61-44F4-69910E30CB7C}.Release|Any CPU.ActiveCfg = Release|Any CPU
		{BABE0107-E841-BE61-44F4-69910E30CB7C}.Release|Any CPU.Build.0 = Release|Any CPU
		{19022C82-85CD-ECC8-C23B-01E08A8607B5}.Debug|Any CPU.ActiveCfg = Debug|Any CPU
		{19022C82-85CD-ECC8-C23B-01E08A8607B5}.Debug|Any CPU.Build.0 = Debug|Any CPU
		{19022C82-85CD-ECC8-C23B-01E08A8607B5}.Release|Any CPU.ActiveCfg = Release|Any CPU
		{19022C82-85CD-ECC8-C23B-01E08A8607B5}.Release|Any CPU.Build.0 = Release|Any CPU
		{26FA1135-DAF3-2675-9336-B9E62324D0F0}.Debug|Any CPU.ActiveCfg = Debug|Any CPU
		{26FA1135-DAF3-2675-9336-B9E62324D0F0}.Debug|Any CPU.Build.0 = Debug|Any CPU
		{26FA1135-DAF3-2675-9336-B9E62324D0F0}.Release|Any CPU.ActiveCfg = Release|Any CPU
		{26FA1135-DAF3-2675-9336-B9E62324D0F0}.Release|Any CPU.Build.0 = Release|Any CPU
		{F7C43C50-15C6-450C-982D-7D70B89249E8}.Debug|Any CPU.ActiveCfg = Debug|Any CPU
		{F7C43C50-15C6-450C-982D-7D70B89249E8}.Debug|Any CPU.Build.0 = Debug|Any CPU
		{F7C43C50-15C6-450C-982D-7D70B89249E8}.Release|Any CPU.ActiveCfg = Release|Any CPU
		{F7C43C50-15C6-450C-982D-7D70B89249E8}.Release|Any CPU.Build.0 = Release|Any CPU
		{85637A0E-4282-4263-8640-47CE81CD5281}.Debug|Any CPU.ActiveCfg = Debug|Any CPU
		{85637A0E-4282-4263-8640-47CE81CD5281}.Debug|Any CPU.Build.0 = Debug|Any CPU
		{85637A0E-4282-4263-8640-47CE81CD5281}.Release|Any CPU.ActiveCfg = Release|Any CPU
		{85637A0E-4282-4263-8640-47CE81CD5281}.Release|Any CPU.Build.0 = Release|Any CPU
	EndGlobalSection
	GlobalSection(SolutionProperties) = preSolution
		HideSolutionNode = FALSE
	EndGlobalSection
EndGlobal
